
Microsoft Visual Studio Solution File, Format Version 12.00
# Visual Studio Version 16
VisualStudioVersion = 16.0.30309.148
MinimumVisualStudioVersion = 10.0.40219.1
Project("{FAE04EC0-301F-11D3-BF4B-00C04F79EFBC}") = "SecurityAccessQuery", "SecurityAccessQuery\SecurityAccessQuery.csproj", "{67781F09-398D-4EA7-9087-938C7FBD9D98}"
EndProject
Global
	GlobalSection(SolutionConfigurationPlatforms) = preSolution
		Debug|Any CPU = Debug|Any CPU
		Release|Any CPU = Release|Any CPU
	EndGlobalSection
	GlobalSection(ProjectConfigurationPlatforms) = postSolution
		{67781F09-398D-4EA7-9087-938C7FBD9D98}.Debug|Any CPU.ActiveCfg = Debug|Any CPU
		{67781F09-398D-4EA7-9087-938C7FBD9D98}.Debug|Any CPU.Build.0 = Debug|Any CPU
		{67781F09-398D-4EA7-9087-938C7FBD9D98}.Release|Any CPU.ActiveCfg = Release|Any CPU
		{67781F09-398D-4EA7-9087-938C7FBD9D98}.Release|Any CPU.Build.0 = Release|Any CPU
	EndGlobalSection
	GlobalSection(SolutionProperties) = preSolution
		HideSolutionNode = FALSE
	EndGlobalSection
	GlobalSection(ExtensibilityGlobals) = postSolution
		SolutionGuid = {25950996-1E60-42CA-8DFC-943E60EEE528}
	EndGlobalSection
EndGlobal
